
Microsoft Visual Studio Solution File, Format Version 12.00
# Visual Studio Version 17
VisualStudioVersion = 17.0.32126.317
MinimumVisualStudioVersion = 10.0.40219.1
Project("{9A19103F-16F7-4668-BE54-9A1E7A4F7556}") = "AutoPoint", "AutoPoint\AutoPoint.csproj", "{55256E6E-2E0A-412D-A215-E47260329D74}"
EndProject
Project("{FAE04EC0-301F-11D3-BF4B-00C04F79EFBC}") = "AutoPointAPI", "AutoPointAPI\AutoPointAPI.csproj", "{866DA1E5-7A13-42C5-A85E-1A933874FA6B}"
EndProject
Global
	GlobalSection(SolutionConfigurationPlatforms) = preSolution
		Debug|Any CPU = Debug|Any CPU
		Release|Any CPU = Release|Any CPU
	EndGlobalSection
	GlobalSection(ProjectConfigurationPlatforms) = postSolution
		{55256E6E-2E0A-412D-A215-E47260329D74}.Debug|Any CPU.ActiveCfg = Debug|Any CPU
		{55256E6E-2E0A-412D-A215-E47260329D74}.Debug|Any CPU.Build.0 = Debug|Any CPU
		{55256E6E-2E0A-412D-A215-E47260329D74}.Release|Any CPU.ActiveCfg = Release|Any CPU
		{55256E6E-2E0A-412D-A215-E47260329D74}.Release|Any CPU.Build.0 = Release|Any CPU
		{866DA1E5-7A13-42C5-A85E-1A933874FA6B}.Debug|Any CPU.ActiveCfg = Debug|Any CPU
		{866DA1E5-7A13-42C5-A85E-1A933874FA6B}.Debug|Any CPU.Build.0 = Debug|Any CPU
		{866DA1E5-7A13-42C5-A85E-1A933874FA6B}.Release|Any CPU.ActiveCfg = Release|Any CPU
		{866DA1E5-7A13-42C5-A85E-1A933874FA6B}.Release|Any CPU.Build.0 = Release|Any CPU
	EndGlobalSection
	GlobalSection(SolutionProperties) = preSolution
		HideSolutionNode = FALSE
	EndGlobalSection
	GlobalSection(ExtensibilityGlobals) = postSolution
		SolutionGuid = {3E2554F4-C959-4E76-8C39-AFF74B3C2DAC}
	EndGlobalSection
EndGlobal
